
Microsoft Visual Studio Solution File, Format Version 12.00
# Visual Studio Version 17
VisualStudioVersion = 17.7.34221.43
MinimumVisualStudioVersion = 10.0.40219.1
Project("{FAE04EC0-301F-11D3-BF4B-00C04F79EFBC}") = "CalculatorApp1", "CalculatorApp1\CalculatorApp1.csproj", "{AC56AAC8-E8AC-47E0-B7B5-4317089FE769}"
EndProject
Project("{FAE04EC0-301F-11D3-BF4B-00C04F79EFBC}") = "CalculatorLogic", "CalculatorLogic\CalculatorLogic.csproj", "{9F08B899-77D9-4E1B-9D7E-4685608D21B7}"
EndProject
Global
	GlobalSection(SolutionConfigurationPlatforms) = preSolution
		Debug|Any CPU = Debug|Any CPU
		Release|Any CPU = Release|Any CPU
	EndGlobalSection
	GlobalSection(ProjectConfigurationPlatforms) = postSolution
		{AC56AAC8-E8AC-47E0-B7B5-4317089FE769}.Debug|Any CPU.ActiveCfg = Debug|Any CPU
		{AC56AAC8-E8AC-47E0-B7B5-4317089FE769}.Debug|Any CPU.Build.0 = Debug|Any CPU
		{AC56AAC8-E8AC-47E0-B7B5-4317089FE769}.Release|Any CPU.ActiveCfg = Release|Any CPU
		{AC56AAC8-E8AC-47E0-B7B5-4317089FE769}.Release|Any CPU.Build.0 = Release|Any CPU
		{9F08B899-77D9-4E1B-9D7E-4685608D21B7}.Debug|Any CPU.ActiveCfg = Debug|Any CPU
		{9F08B899-77D9-4E1B-9D7E-4685608D21B7}.Debug|Any CPU.Build.0 = Debug|Any CPU
		{9F08B899-77D9-4E1B-9D7E-4685608D21B7}.Release|Any CPU.ActiveCfg = Release|Any CPU
		{9F08B899-77D9-4E1B-9D7E-4685608D21B7}.Release|Any CPU.Build.0 = Release|Any CPU
	EndGlobalSection
	GlobalSection(SolutionProperties) = preSolution
		HideSolutionNode = FALSE
	EndGlobalSection
	GlobalSection(ExtensibilityGlobals) = postSolution
		SolutionGuid = {F9A35B43-B414-480F-B9B5-1E56BEF4206C}
	EndGlobalSection
EndGlobal
